
Microsoft Visual Studio Solution File, Format Version 12.00
# Visual Studio Version 17
VisualStudioVersion = 17.4.33122.133
MinimumVisualStudioVersion = 10.0.40219.1
Project("{FAE04EC0-301F-11D3-BF4B-00C04F79EFBC}") = "HomeWork", "HomeWork\HomeWork.csproj", "{A18386BD-73BC-41BB-B3C9-DFC2AC9E665F}"
EndProject
Global
	GlobalSection(SolutionConfigurationPlatforms) = preSolution
		Debug|Any CPU = Debug|Any CPU
		Release|Any CPU = Release|Any CPU
	EndGlobalSection
	GlobalSection(ProjectConfigurationPlatforms) = postSolution
		{A18386BD-73BC-41BB-B3C9-DFC2AC9E665F}.Debug|Any CPU.ActiveCfg = Debug|Any CPU
		{A18386BD-73BC-41BB-B3C9-DFC2AC9E665F}.Debug|Any CPU.Build.0 = Debug|Any CPU
		{A18386BD-73BC-41BB-B3C9-DFC2AC9E665F}.Release|Any CPU.ActiveCfg = Release|Any CPU
		{A18386BD-73BC-41BB-B3C9-DFC2AC9E665F}.Release|Any CPU.Build.0 = Release|Any CPU
	EndGlobalSection
	GlobalSection(SolutionProperties) = preSolution
		HideSolutionNode = FALSE
	EndGlobalSection
	GlobalSection(ExtensibilityGlobals) = postSolution
		SolutionGuid = {46F6CC8B-6167-405B-B058-6CAC50143759}
	EndGlobalSection
EndGlobal
